
Microsoft Visual Studio Solution File, Format Version 12.00
# Visual Studio 14
VisualStudioVersion = 14.0.22823.1
MinimumVisualStudioVersion = 10.0.40219.1
Project("{FAE04EC0-301F-11D3-BF4B-00C04F79EFBC}") = "PharrellAPI", "PharrellAPI\PharrellAPI.csproj", "{3E0F4AA5-3CB7-475F-B58C-E6772898D146}"
EndProject
Project("{FAE04EC0-301F-11D3-BF4B-00C04F79EFBC}") = "SocialData", "SocialData\SocialData.csproj", "{3F59D83B-F14C-4EDA-AD70-3A5C93485B7C}"
EndProject
Project("{FAE04EC0-301F-11D3-BF4B-00C04F79EFBC}") = "Localiser", "Localiser\Localiser.csproj", "{2261AB78-462C-4724-87B4-3BCC39225618}"
EndProject
Project("{FAE04EC0-301F-11D3-BF4B-00C04F79EFBC}") = "HappinessIndex", "HappinessIndex\HappinessIndex.csproj", "{0837885B-9F3C-4440-AA8F-4EA5BA4C1E57}"
EndProject
Project("{FAE04EC0-301F-11D3-BF4B-00C04F79EFBC}") = "OAuthHelper", "OAuthHelper\OAuthHelper.csproj", "{2BB58C3B-152B-4AE5-85C6-D8DB5943E61D}"
EndProject
Project("{FAE04EC0-301F-11D3-BF4B-00C04F79EFBC}") = "TweetinviProvider", "TweetinviProvider\TweetinviProvider.csproj", "{60C2299E-C792-45FF-9E03-8B76814099C7}"
EndProject
Project("{FAE04EC0-301F-11D3-BF4B-00C04F79EFBC}") = "InterfacesAndPOCOs", "InterfacesAndPOCOs\InterfacesAndPOCOs.csproj", "{882FE910-6A39-4153-947D-8853B9C7C6C4}"
EndProject
Project("{FAE04EC0-301F-11D3-BF4B-00C04F79EFBC}") = "UnitTestProject", "UnitTestProject\UnitTestProject.csproj", "{443AA500-741B-45CC-BF35-90A7B17335C0}"
EndProject
Project("{FAE04EC0-301F-11D3-BF4B-00C04F79EFBC}") = "RegionLoader", "..\..\RegionLoader\RegionLoader\RegionLoader.csproj", "{432839A2-FC65-471D-ACEB-3FAF80E000F5}"
EndProject
Global
	GlobalSection(SolutionConfigurationPlatforms) = preSolution
		Debug|Any CPU = Debug|Any CPU
		Release|Any CPU = Release|Any CPU
	EndGlobalSection
	GlobalSection(ProjectConfigurationPlatforms) = postSolution
		{3E0F4AA5-3CB7-475F-B58C-E6772898D146}.Debug|Any CPU.ActiveCfg = Debug|Any CPU
		{3E0F4AA5-3CB7-475F-B58C-E6772898D146}.Debug|Any CPU.Build.0 = Debug|Any CPU
		{3E0F4AA5-3CB7-475F-B58C-E6772898D146}.Release|Any CPU.ActiveCfg = Release|Any CPU
		{3E0F4AA5-3CB7-475F-B58C-E6772898D146}.Release|Any CPU.Build.0 = Release|Any CPU
		{3F59D83B-F14C-4EDA-AD70-3A5C93485B7C}.Debug|Any CPU.ActiveCfg = Debug|Any CPU
		{3F59D83B-F14C-4EDA-AD70-3A5C93485B7C}.Debug|Any CPU.Build.0 = Debug|Any CPU
		{3F59D83B-F14C-4EDA-AD70-3A5C93485B7C}.Release|Any CPU.ActiveCfg = Release|Any CPU
		{3F59D83B-F14C-4EDA-AD70-3A5C93485B7C}.Release|Any CPU.Build.0 = Release|Any CPU
		{2261AB78-462C-4724-87B4-3BCC39225618}.Debug|Any CPU.ActiveCfg = Debug|Any CPU
		{2261AB78-462C-4724-87B4-3BCC39225618}.Debug|Any CPU.Build.0 = Debug|Any CPU
		{2261AB78-462C-4724-87B4-3BCC39225618}.Release|Any CPU.ActiveCfg = Release|Any CPU
		{2261AB78-462C-4724-87B4-3BCC39225618}.Release|Any CPU.Build.0 = Release|Any CPU
		{0837885B-9F3C-4440-AA8F-4EA5BA4C1E57}.Debug|Any CPU.ActiveCfg = Debug|Any CPU
		{0837885B-9F3C-4440-AA8F-4EA5BA4C1E57}.Debug|Any CPU.Build.0 = Debug|Any CPU
		{0837885B-9F3C-4440-AA8F-4EA5BA4C1E57}.Release|Any CPU.ActiveCfg = Release|Any CPU
		{0837885B-9F3C-4440-AA8F-4EA5BA4C1E57}.Release|Any CPU.Build.0 = Release|Any CPU
		{2BB58C3B-152B-4AE5-85C6-D8DB5943E61D}.Debug|Any CPU.ActiveCfg = Debug|Any CPU
		{2BB58C3B-152B-4AE5-85C6-D8DB5943E61D}.Debug|Any CPU.Build.0 = Debug|Any CPU
		{2BB58C3B-152B-4AE5-85C6-D8DB5943E61D}.Release|Any CPU.ActiveCfg = Release|Any CPU
		{2BB58C3B-152B-4AE5-85C6-D8DB5943E61D}.Release|Any CPU.Build.0 = Release|Any CPU
		{60C2299E-C792-45FF-9E03-8B76814099C7}.Debug|Any CPU.ActiveCfg = Debug|Any CPU
		{60C2299E-C792-45FF-9E03-8B76814099C7}.Debug|Any CPU.Build.0 = Debug|Any CPU
		{60C2299E-C792-45FF-9E03-8B76814099C7}.Release|Any CPU.ActiveCfg = Release|Any CPU
		{60C2299E-C792-45FF-9E03-8B76814099C7}.Release|Any CPU.Build.0 = Release|Any CPU
		{882FE910-6A39-4153-947D-8853B9C7C6C4}.Debug|Any CPU.ActiveCfg = Debug|Any CPU
		{882FE910-6A39-4153-947D-8853B9C7C6C4}.Debug|Any CPU.Build.0 = Debug|Any CPU
		{882FE910-6A39-4153-947D-8853B9C7C6C4}.Release|Any CPU.ActiveCfg = Release|Any CPU
		{882FE910-6A39-4153-947D-8853B9C7C6C4}.Release|Any CPU.Build.0 = Release|Any CPU
		{443AA500-741B-45CC-BF35-90A7B17335C0}.Debug|Any CPU.ActiveCfg = Debug|Any CPU
		{443AA500-741B-45CC-BF35-90A7B17335C0}.Debug|Any CPU.Build.0 = Debug|Any CPU
		{443AA500-741B-45CC-BF35-90A7B17335C0}.Release|Any CPU.ActiveCfg = Release|Any CPU
		{443AA500-741B-45CC-BF35-90A7B17335C0}.Release|Any CPU.Build.0 = Release|Any CPU
		{432839A2-FC65-471D-ACEB-3FAF80E000F5}.Debug|Any CPU.ActiveCfg = Debug|Any CPU
		{432839A2-FC65-471D-ACEB-3FAF80E000F5}.Debug|Any CPU.Build.0 = Debug|Any CPU
		{432839A2-FC65-471D-ACEB-3FAF80E000F5}.Release|Any CPU.ActiveCfg = Release|Any CPU
		{432839A2-FC65-471D-ACEB-3FAF80E000F5}.Release|Any CPU.Build.0 = Release|Any CPU
	EndGlobalSection
	GlobalSection(SolutionProperties) = preSolution
		HideSolutionNode = FALSE
	EndGlobalSection
EndGlobal
